
Microsoft Visual Studio Solution File, Format Version 12.00
# Visual Studio 14
VisualStudioVersion = 14.0.25420.1
MinimumVisualStudioVersion = 10.0.40219.1
Project("{FAE04EC0-301F-11D3-BF4B-00C04F79EFBC}") = "DAL", "DAL\DAL.csproj", "{A1B5B0D3-2E58-4A36-89EC-768F9B9EEFEC}"
EndProject
Project("{FAE04EC0-301F-11D3-BF4B-00C04F79EFBC}") = "Core", "Core\Core.csproj", "{EFC58AFE-DC0B-4AF5-93EF-587EE0561906}"
EndProject
Project("{2150E333-8FDC-42A3-9474-1A3956D46DE8}") = "Tests", "Tests", "{7A4A2793-629E-4D71-91FA-6732969A04E1}"
EndProject
Project("{FAE04EC0-301F-11D3-BF4B-00C04F79EFBC}") = "Core.UnitTests", "Core.UnitTests\Core.UnitTests.csproj", "{0FB9031C-2F34-4BEF-83BD-A803B364C0DC}"
EndProject
Project("{FAE04EC0-301F-11D3-BF4B-00C04F79EFBC}") = "Core.IntegrationTests", "Core.IntegrationTests\Core.IntegrationTests.csproj", "{AD34D12E-5816-4492-8D94-65B808EE9A67}"
EndProject
Global
	GlobalSection(SolutionConfigurationPlatforms) = preSolution
		Debug|Any CPU = Debug|Any CPU
		Release|Any CPU = Release|Any CPU
	EndGlobalSection
	GlobalSection(ProjectConfigurationPlatforms) = postSolution
		{A1B5B0D3-2E58-4A36-89EC-768F9B9EEFEC}.Debug|Any CPU.ActiveCfg = Debug|Any CPU
		{A1B5B0D3-2E58-4A36-89EC-768F9B9EEFEC}.Debug|Any CPU.Build.0 = Debug|Any CPU
		{A1B5B0D3-2E58-4A36-89EC-768F9B9EEFEC}.Release|Any CPU.ActiveCfg = Release|Any CPU
		{A1B5B0D3-2E58-4A36-89EC-768F9B9EEFEC}.Release|Any CPU.Build.0 = Release|Any CPU
		{EFC58AFE-DC0B-4AF5-93EF-587EE0561906}.Debug|Any CPU.ActiveCfg = Debug|Any CPU
		{EFC58AFE-DC0B-4AF5-93EF-587EE0561906}.Debug|Any CPU.Build.0 = Debug|Any CPU
		{EFC58AFE-DC0B-4AF5-93EF-587EE0561906}.Release|Any CPU.ActiveCfg = Release|Any CPU
		{EFC58AFE-DC0B-4AF5-93EF-587EE0561906}.Release|Any CPU.Build.0 = Release|Any CPU
		{0FB9031C-2F34-4BEF-83BD-A803B364C0DC}.Debug|Any CPU.ActiveCfg = Debug|Any CPU
		{0FB9031C-2F34-4BEF-83BD-A803B364C0DC}.Debug|Any CPU.Build.0 = Debug|Any CPU
		{0FB9031C-2F34-4BEF-83BD-A803B364C0DC}.Release|Any CPU.ActiveCfg = Release|Any CPU
		{0FB9031C-2F34-4BEF-83BD-A803B364C0DC}.Release|Any CPU.Build.0 = Release|Any CPU
		{AD34D12E-5816-4492-8D94-65B808EE9A67}.Debug|Any CPU.ActiveCfg = Debug|Any CPU
		{AD34D12E-5816-4492-8D94-65B808EE9A67}.Debug|Any CPU.Build.0 = Debug|Any CPU
		{AD34D12E-5816-4492-8D94-65B808EE9A67}.Release|Any CPU.ActiveCfg = Release|Any CPU
		{AD34D12E-5816-4492-8D94-65B808EE9A67}.Release|Any CPU.Build.0 = Release|Any CPU
	EndGlobalSection
	GlobalSection(SolutionProperties) = preSolution
		HideSolutionNode = FALSE
	EndGlobalSection
	GlobalSection(NestedProjects) = preSolution
		{0FB9031C-2F34-4BEF-83BD-A803B364C0DC} = {7A4A2793-629E-4D71-91FA-6732969A04E1}
		{AD34D12E-5816-4492-8D94-65B808EE9A67} = {7A4A2793-629E-4D71-91FA-6732969A04E1}
	EndGlobalSection
EndGlobal
